
Microsoft Visual Studio Solution File, Format Version 12.00
# Visual Studio 15
VisualStudioVersion = 15.0.27703.2042
MinimumVisualStudioVersion = 10.0.40219.1
Project("{FAE04EC0-301F-11D3-BF4B-00C04F79EFBC}") = "AlibabaCloudECSDeploy", "AlibabaCloudECSDeploy\AlibabaCloudECSDeploy.csproj", "{DD371FE8-D41B-4451-9505-A6CA9617745E}"
EndProject
Global
	GlobalSection(SolutionConfigurationPlatforms) = preSolution
		Debug|Any CPU = Debug|Any CPU
		Release|Any CPU = Release|Any CPU
	EndGlobalSection
	GlobalSection(ProjectConfigurationPlatforms) = postSolution
		{DD371FE8-D41B-4451-9505-A6CA9617745E}.Debug|Any CPU.ActiveCfg = Debug|Any CPU
		{DD371FE8-D41B-4451-9505-A6CA9617745E}.Debug|Any CPU.Build.0 = Debug|Any CPU
		{DD371FE8-D41B-4451-9505-A6CA9617745E}.Release|Any CPU.ActiveCfg = Release|Any CPU
		{DD371FE8-D41B-4451-9505-A6CA9617745E}.Release|Any CPU.Build.0 = Release|Any CPU
	EndGlobalSection
	GlobalSection(SolutionProperties) = preSolution
		HideSolutionNode = FALSE
	EndGlobalSection
	GlobalSection(ExtensibilityGlobals) = postSolution
		SolutionGuid = {C14D7428-8F22-467E-A740-8F4CCD37B540}
	EndGlobalSection
EndGlobal
